PODS:
  - DZNEmptyDataSet (1.8.1)
  - ImagePicker (2.0.0)
  - Realm (2.0.2):
    - Realm/Headers (= 2.0.2)
  - Realm/Headers (2.0.2)
  - RealmSwift (2.0.2):
    - Realm (= 2.0.2)

DEPENDENCIES:
  - DZNEmptyDataSet (~> 1.8)
  - ImagePicker
  - RealmSwift

SPEC CHECKSUMS:
  DZNEmptyDataSet: 9525833b9e68ac21c30253e1d3d7076cc828eaa7
  ImagePicker: 81175d36c2852cb543cb4f5d6c19e28f3e8d90eb
  Realm: 0f5a194af0b7e6158b83db41b4ee1a00be7ddf1a
  RealmSwift: 0eb5070d851cba7c66e841ca756d83609dc78bc8

PODFILE CHECKSUM: ca373c7b7c39d78e7d8d06aac91eb6a478b5000c

COCOAPODS: 1.0.1
